// !$*UTF8*$!
{
	archiveVersion = 1;
	classes = {
	};
	objectVersion = 48;
	objects = {

/* Begin PBXBuildFile section */
		D24A83212014C16C0079ADF3 /* AppDelegate.m in Sources */ = {isa = PBXBuildFile; fileRef = D24A83202014C16C0079ADF3 /* AppDelegate.m */; };
		D24A83242014C16C0079ADF3 /* ViewController.m in Sources */ = {isa = PBXBuildFile; fileRef = D24A83232014C16C0079ADF3 /* ViewController.m */; };
		D24A83272014C16C0079ADF3 /* Main.storyboard in Resources */ = {isa = PBXBuildFile; fileRef = D24A83252014C16C0079ADF3 /* Main.storyboard */; };
		D24A83292014C16C0079ADF3 /* Assets.xcassets in Resources */ = {isa = PBXBuildFile; fileRef = D24A83282014C16C0079ADF3 /* Assets.xcassets */; };
		D24A832C2014C16C0079ADF3 /* LaunchScreen.storyboard in Resources */ = {isa = PBXBuildFile; fileRef = D24A832A2014C16C0079ADF3 /* LaunchScreen.storyboard */; };
		D24A832F2014C16C0079ADF3 /* main.m in Sources */ = {isa = PBXBuildFile; fileRef = D24A832E2014C16C0079ADF3 /* main.m */; };
/* End PBXBuildFile section */

/* Begin PBXFileReference section */
		D24A831C2014C16C0079ADF3 /* KnapeLabbarApp17.app */ = {isa = PBXFileReference; explicitFileType = wrapper.application; includeInIndex = 0; path = KnapeLabbarApp17.app; sourceTree = BUILT_PRODUCTS_DIR; };
		D24A831F2014C16C0079ADF3 /* AppDelegate.h */ = {isa = PBXFileReference; lastKnownFileType = sourcecode.c.h; path = AppDelegate.h; sourceTree = "<group>"; };
		D24A83202014C16C0079ADF3 /* AppDelegate.m */ = {isa = PBXFileReference; lastKnownFileType = sourcecode.c.objc; path = AppDelegate.m; sourceTree = "<group>"; };
		D24A83222014C16C0079ADF3 /* ViewController.h */ = {isa = PBXFileReference; lastKnownFileType = sourcecode.c.h; path = ViewController.h; sourceTree = "<group>"; };
		D24A83232014C16C0079ADF3 /* ViewController.m */ = {isa = PBXFileReference; lastKnownFileType = sourcecode.c.objc; path = ViewController.m; sourceTree = "<group>"; };
		D24A83262014C16C0079ADF3 /* Base */ = {isa = PBXFileReference; lastKnownFileType = file.storyboard; name = Base; path = Base.lproj/Main.storyboard; sourceTree = "<group>"; };
		D24A83282014C16C0079ADF3 /* Assets.xcassets */ = {isa = PBXFileReference; lastKnownFileType = folder.assetcatalog; path = Assets.xcassets; sourceTree = "<group>"; };
		D24A832B2014C16C0079ADF3 /* Base */ = {isa = PBXFileReference; lastKnownFileType = file.storyboard; name = Base; path = Base.lproj/LaunchScreen.storyboard; sourceTree = "<group>"; };
		D24A832D2014C16C0079ADF3 /* Info.plist */ = {isa = PBXFileReference; lastKnownFileType = text.plist.xml; path = Info.plist; sourceTree = "<group>"; };
		D24A832E2014C16C0079ADF3 /* main.m */ = {isa = PBXFileReference; lastKnownFileType = sourcecode.c.objc; path = main.m; sourceTree = "<group>"; };
/* End PBXFileReference section */

/* Begin PBXFrameworksBuildPhase section */
		D24A83192014C16C0079ADF3 /* Frameworks */ = {
			isa = PBXFrameworksBuildPhase;
			buildActionMask = 2147483647;
			files = (
			);
			runOnlyForDeploymentPostprocessing = 0;
		};
/* End PBXFrameworksBuildPhase section */

/* Begin PBXGroup section */
		D24A83132014C16C0079ADF3 = {
			isa = PBXGroup;
			children = (
				D24A831E2014C16C0079ADF3 /* KnapeLabbarApp17 */,
				D24A831D2014C16C0079ADF3 /* Products */,
			);
			sourceTree = "<group>";
		};
		D24A831D2014C16C0079ADF3 /* Products */ = {
			isa = PBXGroup;
			children = (
				D24A831C2014C16C0079ADF3 /* KnapeLabbarApp17.app */,
			);
			name = Products;
			sourceTree = "<group>";
		};
		D24A831E2014C16C0079ADF3 /* KnapeLabbarApp17 */ = {
			isa = PBXGroup;
			children = (
				D24A831F2014C16C0079ADF3 /* AppDelegate.h */,
				D24A83202014C16C0079ADF3 /* AppDelegate.m */,
				D24A83222014C16C0079ADF3 /* ViewController.h */,
				D24A83232014C16C0079ADF3 /* ViewController.m */,
				D24A83252014C16C0079ADF3 /* Main.storyboard */,
				D24A83282014C16C0079ADF3 /* Assets.xcassets */,
				D24A832A2014C16C0079ADF3 /* LaunchScreen.storyboard */,
				D24A832D2014C16C0079ADF3 /* Info.plist */,
				D24A832E2014C16C0079ADF3 /* main.m */,
			);
			path = KnapeLabbarApp17;
			sourceTree = "<group>";
		};
/* End PBXGroup section */

/* Begin PBXNativeTarget section */
		D24A831B2014C16C0079ADF3 /* KnapeLabbarApp17 */ = {
			isa = PBXNativeTarget;
			buildConfigurationList = D24A83322014C16C0079ADF3 /* Build configuration list for PBXNativeTarget "KnapeLabbarApp17" */;
			buildPhases = (
				D24A83182014C16C0079ADF3 /* Sources */,
				D24A83192014C16C0079ADF3 /* Frameworks */,
				D24A831A2014C16C0079ADF3 /* Resources */,
			);
			buildRules = (
			);
			dependencies = (
			);
			name = KnapeLabbarApp17;
			productName = KnapeLabbarApp17;
			productReference = D24A831C2014C16C0079ADF3 /* KnapeLabbarApp17.app */;
			productType = "com.apple.product-type.application";
		};
/* End PBXNativeTarget section */

/* Begin PBXProject section */
		D24A83142014C16C0079ADF3 /* Project object */ = {
			isa = PBXProject;
			attributes = {
				LastUpgradeCheck = 0920;
				ORGANIZATIONNAME = "Kristoffer Knape";
				TargetAttributes = {
					D24A831B2014C16C0079ADF3 = {
						CreatedOnToolsVersion = 9.2;
						ProvisioningStyle = Automatic;
					};
				};
			};
			buildConfigurationList = D24A83172014C16C0079ADF3 /* Build configuration list for PBXProject "KnapeLabbarApp17" */;
			compatibilityVersion = "Xcode 8.0";
			developmentRegion = en;
			hasScannedForEncodings = 0;
			knownRegions = (
				en,
				Base,
			);
			mainGroup = D24A83132014C16C0079ADF3;
			productRefGroup = D24A831D2014C16C0079ADF3 /* Products */;
			projectDirPath = "";
			projectRoot = "";
			targets = (
				D24A831B2014C16C0079ADF3 /* KnapeLabbarApp17 */,
			);
		};
/* End PBXProject section */

/* Begin PBXResourcesBuildPhase section */
		D24A831A2014C16C0079ADF3 /* Resources */ = {
			isa = PBXResourcesBuildPhase;
			buildActionMask = 2147483647;
			files = (
				D24A832C2014C16C0079ADF3 /* LaunchScreen.storyboard in Resources */,
				D24A83292014C16C0079ADF3 /* Assets.xcassets in Resources */,
				D24A83272014C16C0079ADF3 /* Main.storyboard in Resources */,
			);
			runOnlyForDeploymentPostprocessing = 0;
		};
/* End PBXResourcesBuildPhase section */

/* Begin PBXSourcesBuildPhase section */
		D24A83182014C16C0079ADF3 /* Sources */ = {
			isa = PBXSourcesBuildPhase;
			buildActionMask = 2147483647;
			files = (
				D24A83242014C16C0079ADF3 /* ViewController.m in Sources */,
				D24A832F2014C16C0079ADF3 /* main.m in Sources */,
				D24A83212014C16C0079ADF3 /* AppDelegate.m in Sources */,
			);
			runOnlyForDeploymentPostprocessing = 0;
		};
/* End PBXSourcesBuildPhase section */

/* Begin PBXVariantGroup section */
		D24A83252014C16C0079ADF3 /* Main.storyboard */ = {
			isa = PBXVariantGroup;
			children = (
				D24A83262014C16C0079ADF3 /* Base */,
			);
			name = Main.storyboard;
			sourceTree = "<group>";
		};
		D24A832A2014C16C0079ADF3 /* LaunchScreen.storyboard */ = {
			isa = PBXVariantGroup;
			children = (
				D24A832B2014C16C0079ADF3 /* Base */,
			);
			name = LaunchScreen.storyboard;
			sourceTree = "<group>";
		};
/* End PBXVariantGroup section */

/* Begin XCBuildConfiguration section */
		D24A83302014C16C0079ADF3 /* Debug */ = {
			isa = XCBuildConfiguration;
			buildSettings = {
				ALWAYS_SEARCH_USER_PATHS = NO;
				CLANG_ANALYZER_NONNULL = YES;
				CLANG_ANALYZER_NUMBER_OBJECT_CONVERSION = YES_AGGRESSIVE;
				CLANG_CXX_LANGUAGE_STANDARD = "gnu++14";
				CLANG_CXX_LIBRARY = "libc++";
				CLANG_ENABLE_MODULES = YES;
				CLANG_ENABLE_OBJC_ARC = YES;
				CLANG_WARN_BLOCK_CAPTURE_AUTORELEASING = YES;
				CLANG_WARN_BOOL_CONVERSION = YES;
				CLANG_WARN_COMMA = YES;
				CLANG_WARN_CONSTANT_CONVERSION = YES;
				CLANG_WARN_DIRECT_OBJC_ISA_USAGE = YES_ERROR;
				CLANG_WARN_DOCUMENTATION_COMMENTS = YES;
				CLANG_WARN_EMPTY_BODY = YES;
				CLANG_WARN_ENUM_CONVERSION = YES;
				CLANG_WARN_INFINITE_RECURSION = YES;
				CLANG_WARN_INT_CONVERSION = YES;
				CLANG_WARN_NON_LITERAL_NULL_CONVERSION = YES;
				CLANG_WARN_OBJC_LITERAL_CONVERSION = YES;
				CLANG_WARN_OBJC_ROOT_CLASS = YES_ERROR;
				CLANG_WARN_RANGE_LOOP_ANALYSIS = YES;
				CLANG_WARN_STRICT_PROTOTYPES = YES;
				CLANG_WARN_SUSPICIOUS_MOVE = YES;
				CLANG_WARN_UNGUARDED_AVAILABILITY = YES_AGGRESSIVE;
				CLANG_WARN_UNREACHABLE_CODE = YES;
				CLANG_WARN__DUPLICATE_METHOD_MATCH = YES;
				CODE_SIGN_IDENTITY = "iPhone Developer";
				COPY_PHASE_STRIP = NO;
				DEBUG_INFORMATION_FORMAT = dwarf;
				ENABLE_STRICT_OBJC_MSGSEND = YES;
				ENABLE_TESTABILITY = YES;
				GCC_C_LANGUAGE_STANDARD = gnu11;
				GCC_DYNAMIC_NO_PIC = NO;
				GCC_NO_COMMON_BLOCKS = YES;
				GCC_OPTIMIZATION_LEVEL = 0;
				GCC_PREPROCESSOR_DEFINITIONS = (
					"DEBUG=1",
					"$(inherited)",
				);
				GCC_WARN_64_TO_32_BIT_CONVERSION = YES;
				GCC_WARN_ABOUT_RETURN_TYPE = YES_ERROR;
				GCC_WARN_UNDECLARED_SELECTOR = YES;
				GCC_WARN_UNINITIALIZED_AUTOS = YES_AGGRESSIVE;
				GCC_WARN_UNUSED_FUNCTION = YES;
				GCC_WARN_UNUSED_VARIABLE = YES;
				IPHONEOS_DEPLOYMENT_TARGET = 11.2;
				MTL_ENABLE_DEBUG_INFO = YES;
				ONLY_ACTIVE_ARCH = YES;
				SDKROOT = iphoneos;
			};
			name = Debug;
		};
		D24A83312014C16C0079ADF3 /* Release */ = {
			isa = XCBuildConfiguration;
			buildSettings = {
				ALWAYS_SEARCH_USER_PATHS = NO;
				CLANG_ANALYZER_NONNULL = YES;
				CLANG_ANALYZER_NUMBER_OBJECT_CONVERSION = YES_AGGRESSIVE;
				CLANG_CXX_LANGUAGE_STANDARD = "gnu++14";
				CLANG_CXX_LIBRARY = "libc++";
				CLANG_ENABLE_MODULES = YES;
				CLANG_ENABLE_OBJC_ARC = YES;
				CLANG_WARN_BLOCK_CAPTURE_AUTORELEASING = YES;
				CLANG_WARN_BOOL_CONVERSION = YES;
				CLANG_WARN_COMMA = YES;
				CLANG_WARN_CONSTANT_CONVERSION = YES;
				CLANG_WARN_DIRECT_OBJC_ISA_USAGE = YES_ERROR;
				CLANG_WARN_DOCUMENTATION_COMMENTS = YES;
				CLANG_WARN_EMPTY_BODY = YES;
				CLANG_WARN_ENUM_CONVERSION = YES;
				CLANG_WARN_INFINITE_RECURSION = YES;
				CLANG_WARN_INT_CONVERSION = YES;
				CLANG_WARN_NON_LITERAL_NULL_CONVERSION = YES;
				CLANG_WARN_OBJC_LITERAL_CONVERSION = YES;
				CLANG_WARN_OBJC_ROOT_CLASS = YES_ERROR;
				CLANG_WARN_RANGE_LOOP_ANALYSIS = YES;
				CLANG_WARN_STRICT_PROTOTYPES = YES;
				CLANG_WARN_SUSPICIOUS_MOVE = YES;
				CLANG_WARN_UNGUARDED_AVAILABILITY = YES_AGGRESSIVE;
				CLANG_WARN_UNREACHABLE_CODE = YES;
				CLANG_WARN__DUPLICATE_METHOD_MATCH = YES;
				CODE_SIGN_IDENTITY = "iPhone Developer";
				COPY_PHASE_STRIP = NO;
				DEBUG_INFORMATION_FORMAT = "dwarf-with-dsym";
				ENABLE_NS_ASSERTIONS = NO;
				ENABLE_STRICT_OBJC_MSGSEND = YES;
				GCC_C_LANGUAGE_STANDARD = gnu11;
				GCC_NO_COMMON_BLOCKS = YES;
				GCC_WARN_64_TO_32_BIT_CONVERSION = YES;
				GCC_WARN_ABOUT_RETURN_TYPE = YES_ERROR;
				GCC_WARN_UNDECLARED_SELECTOR = YES;
				GCC_WARN_UNINITIALIZED_AUTOS = YES_AGGRESSIVE;
				GCC_WARN_UNUSED_FUNCTION = YES;
				GCC_WARN_UNUSED_VARIABLE = YES;
				IPHONEOS_DEPLOYMENT_TARGET = 11.2;
				MTL_ENABLE_DEBUG_INFO = NO;
				SDKROOT = iphoneos;
				VALIDATE_PRODUCT = YES;
			};
			name = Release;
		};
		D24A83332014C16C0079ADF3 /* Debug */ = {
			isa = XCBuildConfiguration;
			buildSettings = {
				ASSETCATALOG_COMPILER_APPICON_NAME = AppIcon;
				CODE_SIGN_STYLE = Automatic;
				DEVELOPMENT_TEAM = 8427K5Y5BA;
				INFOPLIST_FILE = KnapeLabbarApp17/Info.plist;
				LD_RUNPATH_SEARCH_PATHS = "$(inherited) @executable_path/Frameworks";
				PRODUCT_BUNDLE_IDENTIFIER = KK.KnapeLabbarApp17;
				PRODUCT_NAME = "$(TARGET_NAME)";
				TARGETED_DEVICE_FAMILY = "1,2";
			};
			name = Debug;
		};
		D24A83342014C16C0079ADF3 /* Release */ = {
			isa = XCBuildConfiguration;
			buildSettings = {
				ASSETCATALOG_COMPILER_APPICON_NAME = AppIcon;
				CODE_SIGN_STYLE = Automatic;
				DEVELOPMENT_TEAM = 8427K5Y5BA;
				INFOPLIST_FILE = KnapeLabbarApp17/Info.plist;
				LD_RUNPATH_SEARCH_PATHS = "$(inherited) @executable_path/Frameworks";
				PRODUCT_BUNDLE_IDENTIFIER = KK.KnapeLabbarApp17;
				PRODUCT_NAME = "$(TARGET_NAME)";
				TARGETED_DEVICE_FAMILY = "1,2";
			};
			name = Release;
		};
/* End XCBuildConfiguration section */

/* Begin XCConfigurationList section */
		D24A83172014C16C0079ADF3 /* Build configuration list for PBXProject "KnapeLabbarApp17" */ = {
			isa = XCConfigurationList;
			buildConfigurations = (
				D24A83302014C16C0079ADF3 /* Debug */,
				D24A83312014C16C0079ADF3 /* Release */,
			);
			defaultConfigurationIsVisible = 0;
			defaultConfigurationName = Release;
		};
		D24A83322014C16C0079ADF3 /* Build configuration list for PBXNativeTarget "KnapeLabbarApp17" */ = {
			isa = XCConfigurationList;
			buildConfigurations = (
				D24A83332014C16C0079ADF3 /* Debug */,
				D24A83342014C16C0079ADF3 /* Release */,
			);
			defaultConfigurationIsVisible = 0;
			defaultConfigurationName = Release;
		};
/* End XCConfigurationList section */
	};
	rootObject = D24A83142014C16C0079ADF3 /* Project object */;
}
